PODS:
  - Flutter (1.0.0)
  - native_encryptor (0.0.1):
    - Flutter

DEPENDENCIES:
  - Flutter (from `Flutter`)
  - native_encryptor (from `.symlinks/plugins/native_encryptor/ios`)

EXTERNAL SOURCES:
  Flutter:
    :path: Flutter
  native_encryptor:
    :path: ".symlinks/plugins/native_encryptor/ios"

SPEC CHECKSUMS:
  Flutter: cabc95a1d2626b1b06e7179b784ebcf0c0cde467
  native_encryptor: 6370a5fd19f70ed8c330232b857639e059af060a

PODFILE CHECKSUM: 3c63482e143d1b91d2d2560aee9fb04ecc74ac7e

COCOAPODS: 1.16.2
